
Microsoft Visual Studio Solution File, Format Version 12.00
# Visual Studio Version 16
VisualStudioVersion = 16.0.31321.278
MinimumVisualStudioVersion = 10.0.40219.1
Project("{FAE04EC0-301F-11D3-BF4B-00C04F79EFBC}") = "ConsolePL", "PL\ConsolePL.csproj", "{7361BCFA-A19A-4C3B-92B7-C3C58A03D5A2}"
EndProject
Project("{FAE04EC0-301F-11D3-BF4B-00C04F79EFBC}") = "ToDoList.DAL", "ToDoList.DAL\ToDoList.DAL.csproj", "{D28B7A47-B8E1-4DA4-9754-4CCA0DC9310C}"
EndProject
Project("{FAE04EC0-301F-11D3-BF4B-00C04F79EFBC}") = "ToDoList.DAL.Interfaces", "ToDoList.DAL.Interfaces\ToDoList.DAL.Interfaces.csproj", "{C5E9D0CB-A25A-458E-883B-C8323BDBF336}"
EndProject
Project("{2150E333-8FDC-42A3-9474-1A3956D46DE8}") = "DAL", "DAL", "{83B0E352-77A4-4023-96A6-8A7584803E05}"
EndProject
Project("{FAE04EC0-301F-11D3-BF4B-00C04F79EFBC}") = "Entities", "Entities\Entities.csproj", "{B7FE5ABD-ACD2-41FA-ABA8-C7A85E47F004}"
EndProject
Project("{2150E333-8FDC-42A3-9474-1A3956D46DE8}") = "Common", "Common", "{450BEDB6-AB6F-42BE-99F1-87C9017379E4}"
EndProject
Project("{2150E333-8FDC-42A3-9474-1A3956D46DE8}") = "PL", "PL", "{0920920E-C6F3-4B1F-B579-1ABD002D19B5}"
EndProject
Project("{FAE04EC0-301F-11D3-BF4B-00C04F79EFBC}") = "ToDoList.BLL", "ToDoList.BLL\ToDoList.BLL.csproj", "{864EF1D3-C618-4589-B2B1-A1E8F3FBCF2D}"
EndProject
Project("{FAE04EC0-301F-11D3-BF4B-00C04F79EFBC}") = "ToDoList.BLL.Interfaces", "ToDoList.BLL.Interfaces\ToDoList.BLL.Interfaces.csproj", "{4E156C18-DFC1-4B55-A658-44BD4CB20803}"
EndProject
Project("{FAE04EC0-301F-11D3-BF4B-00C04F79EFBC}") = "Item.Ioc", "Item.Ioc\Item.Ioc.csproj", "{91205A9D-A5E5-414E-B781-49D7308C6518}"
EndProject
Project("{2150E333-8FDC-42A3-9474-1A3956D46DE8}") = "BLL", "BLL", "{AD68CE19-75F5-40FD-B551-D54BCEAA5163}"
EndProject
Global
	GlobalSection(SolutionConfigurationPlatforms) = preSolution
		Debug|Any CPU = Debug|Any CPU
		Release|Any CPU = Release|Any CPU
	EndGlobalSection
	GlobalSection(ProjectConfigurationPlatforms) = postSolution
		{7361BCFA-A19A-4C3B-92B7-C3C58A03D5A2}.Debug|Any CPU.ActiveCfg = Debug|Any CPU
		{7361BCFA-A19A-4C3B-92B7-C3C58A03D5A2}.Debug|Any CPU.Build.0 = Debug|Any CPU
		{7361BCFA-A19A-4C3B-92B7-C3C58A03D5A2}.Release|Any CPU.ActiveCfg = Release|Any CPU
		{7361BCFA-A19A-4C3B-92B7-C3C58A03D5A2}.Release|Any CPU.Build.0 = Release|Any CPU
		{D28B7A47-B8E1-4DA4-9754-4CCA0DC9310C}.Debug|Any CPU.ActiveCfg = Debug|Any CPU
		{D28B7A47-B8E1-4DA4-9754-4CCA0DC9310C}.Debug|Any CPU.Build.0 = Debug|Any CPU
		{D28B7A47-B8E1-4DA4-9754-4CCA0DC9310C}.Release|Any CPU.ActiveCfg = Release|Any CPU
		{D28B7A47-B8E1-4DA4-9754-4CCA0DC9310C}.Release|Any CPU.Build.0 = Release|Any CPU
		{C5E9D0CB-A25A-458E-883B-C8323BDBF336}.Debug|Any CPU.ActiveCfg = Debug|Any CPU
		{C5E9D0CB-A25A-458E-883B-C8323BDBF336}.Debug|Any CPU.Build.0 = Debug|Any CPU
		{C5E9D0CB-A25A-458E-883B-C8323BDBF336}.Release|Any CPU.ActiveCfg = Release|Any CPU
		{C5E9D0CB-A25A-458E-883B-C8323BDBF336}.Release|Any CPU.Build.0 = Release|Any CPU
		{B7FE5ABD-ACD2-41FA-ABA8-C7A85E47F004}.Debug|Any CPU.ActiveCfg = Debug|Any CPU
		{B7FE5ABD-ACD2-41FA-ABA8-C7A85E47F004}.Debug|Any CPU.Build.0 = Debug|Any CPU
		{B7FE5ABD-ACD2-41FA-ABA8-C7A85E47F004}.Release|Any CPU.ActiveCfg = Release|Any CPU
		{B7FE5ABD-ACD2-41FA-ABA8-C7A85E47F004}.Release|Any CPU.Build.0 = Release|Any CPU
		{864EF1D3-C618-4589-B2B1-A1E8F3FBCF2D}.Debug|Any CPU.ActiveCfg = Debug|Any CPU
		{864EF1D3-C618-4589-B2B1-A1E8F3FBCF2D}.Debug|Any CPU.Build.0 = Debug|Any CPU
		{864EF1D3-C618-4589-B2B1-A1E8F3FBCF2D}.Release|Any CPU.ActiveCfg = Release|Any CPU
		{864EF1D3-C618-4589-B2B1-A1E8F3FBCF2D}.Release|Any CPU.Build.0 = Release|Any CPU
		{4E156C18-DFC1-4B55-A658-44BD4CB20803}.Debug|Any CPU.ActiveCfg = Debug|Any CPU
		{4E156C18-DFC1-4B55-A658-44BD4CB20803}.Debug|Any CPU.Build.0 = Debug|Any CPU
		{4E156C18-DFC1-4B55-A658-44BD4CB20803}.Release|Any CPU.ActiveCfg = Release|Any CPU
		{4E156C18-DFC1-4B55-A658-44BD4CB20803}.Release|Any CPU.Build.0 = Release|Any CPU
		{91205A9D-A5E5-414E-B781-49D7308C6518}.Debug|Any CPU.ActiveCfg = Debug|Any CPU
		{91205A9D-A5E5-414E-B781-49D7308C6518}.Debug|Any CPU.Build.0 = Debug|Any CPU
		{91205A9D-A5E5-414E-B781-49D7308C6518}.Release|Any CPU.ActiveCfg = Release|Any CPU
		{91205A9D-A5E5-414E-B781-49D7308C6518}.Release|Any CPU.Build.0 = Release|Any CPU
	EndGlobalSection
	GlobalSection(SolutionProperties) = preSolution
		HideSolutionNode = FALSE
	EndGlobalSection
	GlobalSection(NestedProjects) = preSolution
		{7361BCFA-A19A-4C3B-92B7-C3C58A03D5A2} = {0920920E-C6F3-4B1F-B579-1ABD002D19B5}
		{D28B7A47-B8E1-4DA4-9754-4CCA0DC9310C} = {83B0E352-77A4-4023-96A6-8A7584803E05}
		{C5E9D0CB-A25A-458E-883B-C8323BDBF336} = {83B0E352-77A4-4023-96A6-8A7584803E05}
		{B7FE5ABD-ACD2-41FA-ABA8-C7A85E47F004} = {450BEDB6-AB6F-42BE-99F1-87C9017379E4}
		{864EF1D3-C618-4589-B2B1-A1E8F3FBCF2D} = {AD68CE19-75F5-40FD-B551-D54BCEAA5163}
		{4E156C18-DFC1-4B55-A658-44BD4CB20803} = {AD68CE19-75F5-40FD-B551-D54BCEAA5163}
		{91205A9D-A5E5-414E-B781-49D7308C6518} = {450BEDB6-AB6F-42BE-99F1-87C9017379E4}
	EndGlobalSection
	GlobalSection(ExtensibilityGlobals) = postSolution
		SolutionGuid = {2FA4603A-BC81-4F19-80BC-51D373850EC2}
	EndGlobalSection
EndGlobal
